
Microsoft Visual Studio Solution File, Format Version 12.00
# Visual Studio Version 16
VisualStudioVersion = 16.0.29920.165
MinimumVisualStudioVersion = 10.0.40219.1
Project("{FAE04EC0-301F-11D3-BF4B-00C04F79EFBC}") = "ObservableList", "ObservableList\ObservableList.csproj", "{3F68787A-9A89-40B4-90C5-92438C9FCB04}"
EndProject
Global
	GlobalSection(SolutionConfigurationPlatforms) = preSolution
		Debug|Any CPU = Debug|Any CPU
		Release|Any CPU = Release|Any CPU
	EndGlobalSection
	GlobalSection(ProjectConfigurationPlatforms) = postSolution
		{3F68787A-9A89-40B4-90C5-92438C9FCB04}.Debug|Any CPU.ActiveCfg = Debug|Any CPU
		{3F68787A-9A89-40B4-90C5-92438C9FCB04}.Debug|Any CPU.Build.0 = Debug|Any CPU
		{3F68787A-9A89-40B4-90C5-92438C9FCB04}.Release|Any CPU.ActiveCfg = Release|Any CPU
		{3F68787A-9A89-40B4-90C5-92438C9FCB04}.Release|Any CPU.Build.0 = Release|Any CPU
	EndGlobalSection
	GlobalSection(SolutionProperties) = preSolution
		HideSolutionNode = FALSE
	EndGlobalSection
	GlobalSection(ExtensibilityGlobals) = postSolution
		SolutionGuid = {5D7F8CD7-5BCC-4B6C-B6B6-21E6C4C04A7F}
	EndGlobalSection
EndGlobal
